
Microsoft Visual Studio Solution File, Format Version 12.00
Project("{FAE04EC0-301F-11D3-BF4B-00C04F79EFBC}") = "Application", "Application\Application.csproj", "{E3FB1E62-EEF1-4906-8347-5D539FFB9DFE}"
EndProject
Project("{FAE04EC0-301F-11D3-BF4B-00C04F79EFBC}") = "Domain", "Domain\Domain.csproj", "{498F2EB5-DC5A-4AB1-8826-59711282E98F}"
EndProject
Project("{FAE04EC0-301F-11D3-BF4B-00C04F79EFBC}") = "Persistence", "Persistence\Persistence.csproj", "{5DE58808-D41B-4FBB-BF0C-5D6C3F9B256B}"
EndProject
Project("{FAE04EC0-301F-11D3-BF4B-00C04F79EFBC}") = "WebApi", "WebApi\WebApi.csproj", "{E2F59217-C389-4136-8633-2511C68D635C}"
EndProject
Project("{FAE04EC0-301F-11D3-BF4B-00C04F79EFBC}") = "Infrastructure", "Infrastructure\Infrastructure.csproj", "{E018C023-4147-4FA2-81AB-3E76FCFA8D70}"
EndProject
Global
	GlobalSection(SolutionConfigurationPlatforms) = preSolution
		Debug|Any CPU = Debug|Any CPU
		Release|Any CPU = Release|Any CPU
	EndGlobalSection
	GlobalSection(ProjectConfigurationPlatforms) = postSolution
		{E3FB1E62-EEF1-4906-8347-5D539FFB9DFE}.Debug|Any CPU.ActiveCfg = Debug|Any CPU
		{E3FB1E62-EEF1-4906-8347-5D539FFB9DFE}.Debug|Any CPU.Build.0 = Debug|Any CPU
		{E3FB1E62-EEF1-4906-8347-5D539FFB9DFE}.Release|Any CPU.ActiveCfg = Release|Any CPU
		{E3FB1E62-EEF1-4906-8347-5D539FFB9DFE}.Release|Any CPU.Build.0 = Release|Any CPU
		{498F2EB5-DC5A-4AB1-8826-59711282E98F}.Debug|Any CPU.ActiveCfg = Debug|Any CPU
		{498F2EB5-DC5A-4AB1-8826-59711282E98F}.Debug|Any CPU.Build.0 = Debug|Any CPU
		{498F2EB5-DC5A-4AB1-8826-59711282E98F}.Release|Any CPU.ActiveCfg = Release|Any CPU
		{498F2EB5-DC5A-4AB1-8826-59711282E98F}.Release|Any CPU.Build.0 = Release|Any CPU
		{5DE58808-D41B-4FBB-BF0C-5D6C3F9B256B}.Debug|Any CPU.ActiveCfg = Debug|Any CPU
		{5DE58808-D41B-4FBB-BF0C-5D6C3F9B256B}.Debug|Any CPU.Build.0 = Debug|Any CPU
		{5DE58808-D41B-4FBB-BF0C-5D6C3F9B256B}.Release|Any CPU.ActiveCfg = Release|Any CPU
		{5DE58808-D41B-4FBB-BF0C-5D6C3F9B256B}.Release|Any CPU.Build.0 = Release|Any CPU
		{E2F59217-C389-4136-8633-2511C68D635C}.Debug|Any CPU.ActiveCfg = Debug|Any CPU
		{E2F59217-C389-4136-8633-2511C68D635C}.Debug|Any CPU.Build.0 = Debug|Any CPU
		{E2F59217-C389-4136-8633-2511C68D635C}.Release|Any CPU.ActiveCfg = Release|Any CPU
		{E2F59217-C389-4136-8633-2511C68D635C}.Release|Any CPU.Build.0 = Release|Any CPU
		{E018C023-4147-4FA2-81AB-3E76FCFA8D70}.Debug|Any CPU.ActiveCfg = Debug|Any CPU
		{E018C023-4147-4FA2-81AB-3E76FCFA8D70}.Debug|Any CPU.Build.0 = Debug|Any CPU
		{E018C023-4147-4FA2-81AB-3E76FCFA8D70}.Release|Any CPU.ActiveCfg = Release|Any CPU
		{E018C023-4147-4FA2-81AB-3E76FCFA8D70}.Release|Any CPU.Build.0 = Release|Any CPU
	EndGlobalSection
EndGlobal
